
Microsoft Visual Studio Solution File, Format Version 12.00
# Visual Studio Version 17
VisualStudioVersion = 17.9.34607.119
MinimumVisualStudioVersion = 10.0.40219.1
Project("{FAE04EC0-301F-11D3-BF4B-00C04F79EFBC}") = "WpfDocumentsApp", "WpfDocumentsApp\WpfDocumentsApp.csproj", "{2C3A35BF-4CB4-4C15-8639-0B931956EE22}"
EndProject
Global
	GlobalSection(SolutionConfigurationPlatforms) = preSolution
		Debug|Any CPU = Debug|Any CPU
		Release|Any CPU = Release|Any CPU
	EndGlobalSection
	GlobalSection(ProjectConfigurationPlatforms) = postSolution
		{2C3A35BF-4CB4-4C15-8639-0B931956EE22}.Debug|Any CPU.ActiveCfg = Debug|Any CPU
		{2C3A35BF-4CB4-4C15-8639-0B931956EE22}.Debug|Any CPU.Build.0 = Debug|Any CPU
		{2C3A35BF-4CB4-4C15-8639-0B931956EE22}.Release|Any CPU.ActiveCfg = Release|Any CPU
		{2C3A35BF-4CB4-4C15-8639-0B931956EE22}.Release|Any CPU.Build.0 = Release|Any CPU
	EndGlobalSection
	GlobalSection(SolutionProperties) = preSolution
		HideSolutionNode = FALSE
	EndGlobalSection
	GlobalSection(ExtensibilityGlobals) = postSolution
		SolutionGuid = {4101FC65-4B69-4B07-9679-2A4D90FF1F1B}
	EndGlobalSection
EndGlobal
